
Microsoft Visual Studio Solution File, Format Version 12.00
# Visual Studio 2012
Project("{FAE04EC0-301F-11D3-BF4B-00C04F79EFBC}") = "view", "locacao\view.csproj", "{EE353583-AEFF-4997-A0E7-FF26E47F915D}"
EndProject
Project("{FAE04EC0-301F-11D3-BF4B-00C04F79EFBC}") = "Modelo", "modelo\Modelo.csproj", "{F01D103C-C27C-48E3-9A27-D3CD73A1E717}"
EndProject
Project("{FAE04EC0-301F-11D3-BF4B-00C04F79EFBC}") = "Dao", "Dao\Dao.csproj", "{6C44EC9D-911D-4B6F-A238-38AA2BE5BD62}"
EndProject
Project("{FAE04EC0-301F-11D3-BF4B-00C04F79EFBC}") = "Controle", "Controle\Controle.csproj", "{B3381B82-B349-4DE8-8668-546F80C9D8A3}"
EndProject
Global
	GlobalSection(SolutionConfigurationPlatforms) = preSolution
		Debug|Any CPU = Debug|Any CPU
		Release|Any CPU = Release|Any CPU
	EndGlobalSection
	GlobalSection(ProjectConfigurationPlatforms) = postSolution
		{EE353583-AEFF-4997-A0E7-FF26E47F915D}.Debug|Any CPU.ActiveCfg = Debug|Any CPU
		{EE353583-AEFF-4997-A0E7-FF26E47F915D}.Debug|Any CPU.Build.0 = Debug|Any CPU
		{EE353583-AEFF-4997-A0E7-FF26E47F915D}.Release|Any CPU.ActiveCfg = Release|Any CPU
		{EE353583-AEFF-4997-A0E7-FF26E47F915D}.Release|Any CPU.Build.0 = Release|Any CPU
		{F01D103C-C27C-48E3-9A27-D3CD73A1E717}.Debug|Any CPU.ActiveCfg = Debug|Any CPU
		{F01D103C-C27C-48E3-9A27-D3CD73A1E717}.Debug|Any CPU.Build.0 = Debug|Any CPU
		{F01D103C-C27C-48E3-9A27-D3CD73A1E717}.Release|Any CPU.ActiveCfg = Release|Any CPU
		{F01D103C-C27C-48E3-9A27-D3CD73A1E717}.Release|Any CPU.Build.0 = Release|Any CPU
		{6C44EC9D-911D-4B6F-A238-38AA2BE5BD62}.Debug|Any CPU.ActiveCfg = Debug|Any CPU
		{6C44EC9D-911D-4B6F-A238-38AA2BE5BD62}.Debug|Any CPU.Build.0 = Debug|Any CPU
		{6C44EC9D-911D-4B6F-A238-38AA2BE5BD62}.Release|Any CPU.ActiveCfg = Release|Any CPU
		{6C44EC9D-911D-4B6F-A238-38AA2BE5BD62}.Release|Any CPU.Build.0 = Release|Any CPU
		{B3381B82-B349-4DE8-8668-546F80C9D8A3}.Debug|Any CPU.ActiveCfg = Debug|Any CPU
		{B3381B82-B349-4DE8-8668-546F80C9D8A3}.Debug|Any CPU.Build.0 = Debug|Any CPU
		{B3381B82-B349-4DE8-8668-546F80C9D8A3}.Release|Any CPU.ActiveCfg = Release|Any CPU
		{B3381B82-B349-4DE8-8668-546F80C9D8A3}.Release|Any CPU.Build.0 = Release|Any CPU
	EndGlobalSection
	GlobalSection(SolutionProperties) = preSolution
		HideSolutionNode = FALSE
	EndGlobalSection
	GlobalSection(ExtensibilityGlobals) = postSolution
		SolutionGuid = {200556EE-E60C-47E4-A605-BC9CA498A360}
	EndGlobalSection
EndGlobal
